// !$*UTF8*$!
{
	archiveVersion = 1;
	classes = {
	};
	objectVersion = 51;
	objects = {

/* Begin PBXBuildFile section */
		26F3BC7420316D86A2686138 /* Pods_Clean_Up_AppTests.framework in Frameworks */ = {isa = PBXBuildFile; fileRef = E4D1FC7D47F5A86B0B7F2597 /* Pods_Clean_Up_AppTests.framework */; };
		3CF8A038A898DA9B9645A0A8 /* Pods_Clean_Up_App_Clean_Up_AppUITests.framework in Frameworks */ = {isa = PBXBuildFile; fileRef = F62384696F8E2FB716C1B309 /* Pods_Clean_Up_App_Clean_Up_AppUITests.framework */; };
		3DFA9F57DD7A2C0BCE846267 /* Pods_Clean_Up_App.framework in Frameworks */ = {isa = PBXBuildFile; fileRef = 2178BBFB9DE080A1761E3B47 /* Pods_Clean_Up_App.framework */; };
		F05AC49C2694E247004138F2 /* Trashmarkers.swift in Sources */ = {isa = PBXBuildFile; fileRef = F05AC49B2694E247004138F2 /* Trashmarkers.swift */; };
		F06E0FC526B90C3500959249 /* SnapshotViewController.swift in Sources */ = {isa = PBXBuildFile; fileRef = F06E0FC426B90C3500959249 /* SnapshotViewController.swift */; };
		F06E0FC926CC73FB00959249 /* LoginOptionsViewController.swift in Sources */ = {isa = PBXBuildFile; fileRef = F06E0FC826CC73FB00959249 /* LoginOptionsViewController.swift */; };
		F06E0FCB26CC792E00959249 /* SignInViewController.swift in Sources */ = {isa = PBXBuildFile; fileRef = F06E0FCA26CC792D00959249 /* SignInViewController.swift */; };
		F06E0FCD26CC795D00959249 /* SignUpViewController.swift in Sources */ = {isa = PBXBuildFile; fileRef = F06E0FCC26CC795D00959249 /* SignUpViewController.swift */; };
		F06E0FD026CC7F4400959249 /* Utilities.swift in Sources */ = {isa = PBXBuildFile; fileRef = F06E0FCF26CC7F4300959249 /* Utilities.swift */; };
		F0819BE726D0438B0066197F /* SettingsViewController.swift in Sources */ = {isa = PBXBuildFile; fileRef = F0819BE626D0438A0066197F /* SettingsViewController.swift */; };
		F0B0FC962685159E00050420 /* AppDelegate.swift in Sources */ = {isa = PBXBuildFile; fileRef = F0B0FC952685159E00050420 /* AppDelegate.swift */; };
		F0B0FC982685159E00050420 /* SceneDelegate.swift in Sources */ = {isa = PBXBuildFile; fileRef = F0B0FC972685159E00050420 /* SceneDelegate.swift */; };
		F0B0FC9A2685159E00050420 /* ViewController.swift in Sources */ = {isa = PBXBuildFile; fileRef = F0B0FC992685159E00050420 /* ViewController.swift */; };
		F0B0FC9D2685159F00050420 /* Main.storyboard in Resources */ = {isa = PBXBuildFile; fileRef = F0B0FC9B2685159F00050420 /* Main.storyboard */; };
		F0B0FC9F268515A500050420 /* Assets.xcassets in Resources */ = {isa = PBXBuildFile; fileRef = F0B0FC9E268515A500050420 /* Assets.xcassets */; };
		F0B0FCA2268515A500050420 /* LaunchScreen.storyboard in Resources */ = {isa = PBXBuildFile; fileRef = F0B0FCA0268515A500050420 /* LaunchScreen.storyboard */; };
		F0B0FCAD268515A600050420 /* Clean_Up_AppTests.swift in Sources */ = {isa = PBXBuildFile; fileRef = F0B0FCAC268515A600050420 /* Clean_Up_AppTests.swift */; };
		F0B0FCB8268515A600050420 /* Clean_Up_AppUITests.swift in Sources */ = {isa = PBXBuildFile; fileRef = F0B0FCB7268515A600050420 /* Clean_Up_AppUITests.swift */; };
		F0B0FCC626851AD200050420 /* TabViewController.swift in Sources */ = {isa = PBXBuildFile; fileRef = F0B0FCC526851AD200050420 /* TabViewController.swift */; };
		F0B0FCCA2686616600050420 /* MapViewController.swift in Sources */ = {isa = PBXBuildFile; fileRef = F0B0FCC92686616600050420 /* MapViewController.swift */; };
		F0C2613126D2355300C8AD90 /* GoogleService-Info.plist in Resources */ = {isa = PBXBuildFile; fileRef = F0C2613026D2355300C8AD90 /* GoogleService-Info.plist */; };
		F0F2676026B3D86200488F4C /* ImagePopUpViewController.swift in Sources */ = {isa = PBXBuildFile; fileRef = F0F2675F26B3D86100488F4C /* ImagePopUpViewController.swift */; };
		F0FD284B26DBEC380063C357 /* PhotosCollectionViewCell.swift in Sources */ = {isa = PBXBuildFile; fileRef = F0FD284A26DBEC380063C357 /* PhotosCollectionViewCell.swift */; };
		F0FD284D26DBED120063C357 /* CollectionViewController.swift in Sources */ = {isa = PBXBuildFile; fileRef = F0FD284C26DBED120063C357 /* CollectionViewController.swift */; };
		F0FD284F26DD20D10063C357 /* UploadViewController.swift in Sources */ = {isa = PBXBuildFile; fileRef = F0FD284E26DD20D10063C357 /* UploadViewController.swift */; };
/* End PBXBuildFile section */

/* Begin PBXContainerItemProxy section */
		F0B0FCA9268515A600050420 /* PBXContainerItemProxy */ = {
			isa = PBXContainerItemProxy;
			containerPortal = F0B0FC8A2685159E00050420 /* Project object */;
			proxyType = 1;
			remoteGlobalIDString = F0B0FC912685159E00050420;
			remoteInfo = "Clean Up App";
		};
		F0B0FCB4268515A600050420 /* PBXContainerItemProxy */ = {
			isa = PBXContainerItemProxy;
			containerPortal = F0B0FC8A2685159E00050420 /* Project object */;
			proxyType = 1;
			remoteGlobalIDString = F0B0FC912685159E00050420;
			remoteInfo = "Clean Up App";
		};
/* End PBXContainerItemProxy section */

/* Begin PBXFileReference section */
		01E8624037D685F3D10969AC /* Pods-Clean Up App.release.xcconfig */ = {isa = PBXFileReference; includeInIndex = 1; lastKnownFileType = text.xcconfig; name = "Pods-Clean Up App.release.xcconfig"; path = "Target Support Files/Pods-Clean Up App/Pods-Clean Up App.release.xcconfig"; sourceTree = "<group>"; };
		0708E041F501419F8342485E /* Pods-Clean Up AppTests.debug.xcconfig */ = {isa = PBXFileReference; includeInIndex = 1; lastKnownFileType = text.xcconfig; name = "Pods-Clean Up AppTests.debug.xcconfig"; path = "Target Support Files/Pods-Clean Up AppTests/Pods-Clean Up AppTests.debug.xcconfig"; sourceTree = "<group>"; };
		2178BBFB9DE080A1761E3B47 /* Pods_Clean_Up_App.framework */ = {isa = PBXFileReference; explicitFileType = wrapper.framework; includeInIndex = 0; path = Pods_Clean_Up_App.framework; sourceTree = BUILT_PRODUCTS_DIR; };
		4504002818F9C38CA9C5B617 /* Pods-Clean Up App-Clean Up AppUITests.debug.xcconfig */ = {isa = PBXFileReference; includeInIndex = 1; lastKnownFileType = text.xcconfig; name = "Pods-Clean Up App-Clean Up AppUITests.debug.xcconfig"; path = "Target Support Files/Pods-Clean Up App-Clean Up AppUITests/Pods-Clean Up App-Clean Up AppUITests.debug.xcconfig"; sourceTree = "<group>"; };
		51B0EB5E89EBA993B03E16D0 /* Pods-Clean Up App-Clean Up AppUITests.release.xcconfig */ = {isa = PBXFileReference; includeInIndex = 1; lastKnownFileType = text.xcconfig; name = "Pods-Clean Up App-Clean Up AppUITests.release.xcconfig"; path = "Target Support Files/Pods-Clean Up App-Clean Up AppUITests/Pods-Clean Up App-Clean Up AppUITests.release.xcconfig"; sourceTree = "<group>"; };
		5AC665ED397ED433CF453D2E /* Pods-Clean Up AppTests.release.xcconfig */ = {isa = PBXFileReference; includeInIndex = 1; lastKnownFileType = text.xcconfig; name = "Pods-Clean Up AppTests.release.xcconfig"; path = "Target Support Files/Pods-Clean Up AppTests/Pods-Clean Up AppTests.release.xcconfig"; sourceTree = "<group>"; };
		83E0E85BD8ACF66D675810B8 /* Pods-Clean Up App.debug.xcconfig */ = {isa = PBXFileReference; includeInIndex = 1; lastKnownFileType = text.xcconfig; name = "Pods-Clean Up App.debug.xcconfig"; path = "Target Support Files/Pods-Clean Up App/Pods-Clean Up App.debug.xcconfig"; sourceTree = "<group>"; };
		E4D1FC7D47F5A86B0B7F2597 /* Pods_Clean_Up_AppTests.framework */ = {isa = PBXFileReference; explicitFileType = wrapper.framework; includeInIndex = 0; path = Pods_Clean_Up_AppTests.framework; sourceTree = BUILT_PRODUCTS_DIR; };
		F05AC49B2694E247004138F2 /* Trashmarkers.swift */ = {isa = PBXFileReference; lastKnownFileType = sourcecode.swift; path = Trashmarkers.swift; sourceTree = "<group>"; };
		F06E0FC426B90C3500959249 /* SnapshotViewController.swift */ = {isa = PBXFileReference; lastKnownFileType = sourcecode.swift; path = SnapshotViewController.swift; sourceTree = "<group>"; };
		F06E0FC826CC73FB00959249 /* LoginOptionsViewController.swift */ = {isa = PBXFileReference; lastKnownFileType = sourcecode.swift; path = LoginOptionsViewController.swift; sourceTree = "<group>"; };
		F06E0FCA26CC792D00959249 /* SignInViewController.swift */ = {isa = PBXFileReference; lastKnownFileType = sourcecode.swift; path = SignInViewController.swift; sourceTree = "<group>"; };
		F06E0FCC26CC795D00959249 /* SignUpViewController.swift */ = {isa = PBXFileReference; lastKnownFileType = sourcecode.swift; path = SignUpViewController.swift; sourceTree = "<group>"; };
		F06E0FCF26CC7F4300959249 /* Utilities.swift */ = {isa = PBXFileReference; fileEncoding = 4; lastKnownFileType = sourcecode.swift; path = Utilities.swift; sourceTree = "<group>"; };
		F0819BE626D0438A0066197F /* SettingsViewController.swift */ = {isa = PBXFileReference; lastKnownFileType = sourcecode.swift; name = SettingsViewController.swift; path = "Clean Up App/SettingsViewController.swift"; sourceTree = SOURCE_ROOT; };
		F0B0FC922685159E00050420 /* Clean Up App.app */ = {isa = PBXFileReference; explicitFileType = wrapper.application; includeInIndex = 0; path = "Clean Up App.app"; sourceTree = BUILT_PRODUCTS_DIR; };
		F0B0FC952685159E00050420 /* AppDelegate.swift */ = {isa = PBXFileReference; lastKnownFileType = sourcecode.swift; path = AppDelegate.swift; sourceTree = "<group>"; };
		F0B0FC972685159E00050420 /* SceneDelegate.swift */ = {isa = PBXFileReference; lastKnownFileType = sourcecode.swift; path = SceneDelegate.swift; sourceTree = "<group>"; };
		F0B0FC992685159E00050420 /* ViewController.swift */ = {isa = PBXFileReference; lastKnownFileType = sourcecode.swift; path = ViewController.swift; sourceTree = "<group>"; };
		F0B0FC9C2685159F00050420 /* Base */ = {isa = PBXFileReference; lastKnownFileType = file.storyboard; name = Base; path = Base.lproj/Main.storyboard; sourceTree = "<group>"; };
		F0B0FC9E268515A500050420 /* Assets.xcassets */ = {isa = PBXFileReference; lastKnownFileType = folder.assetcatalog; path = Assets.xcassets; sourceTree = "<group>"; };
		F0B0FCA1268515A500050420 /* Base */ = {isa = PBXFileReference; lastKnownFileType = file.storyboard; name = Base; path = Base.lproj/LaunchScreen.storyboard; sourceTree = "<group>"; };
		F0B0FCA3268515A500050420 /* Info.plist */ = {isa = PBXFileReference; lastKnownFileType = text.plist.xml; path = Info.plist; sourceTree = "<group>"; };
		F0B0FCA8268515A600050420 /* Clean Up AppTests.xctest */ = {isa = PBXFileReference; explicitFileType = wrapper.cfbundle; includeInIndex = 0; path = "Clean Up AppTests.xctest"; sourceTree = BUILT_PRODUCTS_DIR; };
		F0B0FCAC268515A600050420 /* Clean_Up_AppTests.swift */ = {isa = PBXFileReference; lastKnownFileType = sourcecode.swift; path = Clean_Up_AppTests.swift; sourceTree = "<group>"; };
		F0B0FCAE268515A600050420 /* Info.plist */ = {isa = PBXFileReference; lastKnownFileType = text.plist.xml; path = Info.plist; sourceTree = "<group>"; };
		F0B0FCB3268515A600050420 /* Clean Up AppUITests.xctest */ = {isa = PBXFileReference; explicitFileType = wrapper.cfbundle; includeInIndex = 0; path = "Clean Up AppUITests.xctest"; sourceTree = BUILT_PRODUCTS_DIR; };
		F0B0FCB7268515A600050420 /* Clean_Up_AppUITests.swift */ = {isa = PBXFileReference; lastKnownFileType = sourcecode.swift; path = Clean_Up_AppUITests.swift; sourceTree = "<group>"; };
		F0B0FCB9268515A600050420 /* Info.plist */ = {isa = PBXFileReference; lastKnownFileType = text.plist.xml; path = Info.plist; sourceTree = "<group>"; };
		F0B0FCC526851AD200050420 /* TabViewController.swift */ = {isa = PBXFileReference; lastKnownFileType = sourcecode.swift; path = TabViewController.swift; sourceTree = "<group>"; };
		F0B0FCC92686616600050420 /* MapViewController.swift */ = {isa = PBXFileReference; lastKnownFileType = sourcecode.swift; path = MapViewController.swift; sourceTree = "<group>"; };
		F0C2613026D2355300C8AD90 /* GoogleService-Info.plist */ = {isa = PBXFileReference; fileEncoding = 4; lastKnownFileType = text.plist.xml; path = "GoogleService-Info.plist"; sourceTree = "<group>"; };
		F0F2675F26B3D86100488F4C /* ImagePopUpViewController.swift */ = {isa = PBXFileReference; lastKnownFileType = sourcecode.swift; path = ImagePopUpViewController.swift; sourceTree = "<group>"; };
		F0FD284A26DBEC380063C357 /* PhotosCollectionViewCell.swift */ = {isa = PBXFileReference; lastKnownFileType = sourcecode.swift; path = PhotosCollectionViewCell.swift; sourceTree = "<group>"; };
		F0FD284C26DBED120063C357 /* CollectionViewController.swift */ = {isa = PBXFileReference; lastKnownFileType = sourcecode.swift; path = CollectionViewController.swift; sourceTree = "<group>"; };
		F0FD284E26DD20D10063C357 /* UploadViewController.swift */ = {isa = PBXFileReference; lastKnownFileType = sourcecode.swift; path = UploadViewController.swift; sourceTree = "<group>"; };
		F62384696F8E2FB716C1B309 /* Pods_Clean_Up_App_Clean_Up_AppUITests.framework */ = {isa = PBXFileReference; explicitFileType = wrapper.framework; includeInIndex = 0; path = Pods_Clean_Up_App_Clean_Up_AppUITests.framework; sourceTree = BUILT_PRODUCTS_DIR; };
/* End PBXFileReference section */

/* Begin PBXFrameworksBuildPhase section */
		F0B0FC8F2685159E00050420 /* Frameworks */ = {
			isa = PBXFrameworksBuildPhase;
			buildActionMask = 2147483647;
			files = (
				3DFA9F57DD7A2C0BCE846267 /* Pods_Clean_Up_App.framework in Frameworks */,
			);
			runOnlyForDeploymentPostprocessing = 0;
		};
		F0B0FCA5268515A600050420 /* Frameworks */ = {
			isa = PBXFrameworksBuildPhase;
			buildActionMask = 2147483647;
			files = (
				26F3BC7420316D86A2686138 /* Pods_Clean_Up_AppTests.framework in Frameworks */,
			);
			runOnlyForDeploymentPostprocessing = 0;
		};
		F0B0FCB0268515A600050420 /* Frameworks */ = {
			isa = PBXFrameworksBuildPhase;
			buildActionMask = 2147483647;
			files = (
				3CF8A038A898DA9B9645A0A8 /* Pods_Clean_Up_App_Clean_Up_AppUITests.framework in Frameworks */,
			);
			runOnlyForDeploymentPostprocessing = 0;
		};
/* End PBXFrameworksBuildPhase section */

/* Begin PBXGroup section */
		87599C65094432CF6FC415B7 /* Pods */ = {
			isa = PBXGroup;
			children = (
				83E0E85BD8ACF66D675810B8 /* Pods-Clean Up App.debug.xcconfig */,
				01E8624037D685F3D10969AC /* Pods-Clean Up App.release.xcconfig */,
				4504002818F9C38CA9C5B617 /* Pods-Clean Up App-Clean Up AppUITests.debug.xcconfig */,
				51B0EB5E89EBA993B03E16D0 /* Pods-Clean Up App-Clean Up AppUITests.release.xcconfig */,
				0708E041F501419F8342485E /* Pods-Clean Up AppTests.debug.xcconfig */,
				5AC665ED397ED433CF453D2E /* Pods-Clean Up AppTests.release.xcconfig */,
			);
			path = Pods;
			sourceTree = "<group>";
		};
		D5A320B5CBCFF1A9A8FB8F39 /* Frameworks */ = {
			isa = PBXGroup;
			children = (
				2178BBFB9DE080A1761E3B47 /* Pods_Clean_Up_App.framework */,
				F62384696F8E2FB716C1B309 /* Pods_Clean_Up_App_Clean_Up_AppUITests.framework */,
				E4D1FC7D47F5A86B0B7F2597 /* Pods_Clean_Up_AppTests.framework */,
			);
			name = Frameworks;
			path = ..;
			sourceTree = "<group>";
		};
		F06E0FCE26CC79A700959249 /* Login */ = {
			isa = PBXGroup;
			children = (
				F06E0FC826CC73FB00959249 /* LoginOptionsViewController.swift */,
				F06E0FCC26CC795D00959249 /* SignUpViewController.swift */,
				F06E0FCA26CC792D00959249 /* SignInViewController.swift */,
			);
			path = Login;
			sourceTree = "<group>";
		};
		F08841C126CDE824005ABFD5 /* Camera */ = {
			isa = PBXGroup;
			children = (
				F0B0FC992685159E00050420 /* ViewController.swift */,
				F0FD284C26DBED120063C357 /* CollectionViewController.swift */,
				F0FD284A26DBEC380063C357 /* PhotosCollectionViewCell.swift */,
				F06E0FC426B90C3500959249 /* SnapshotViewController.swift */,
				F0FD284E26DD20D10063C357 /* UploadViewController.swift */,
			);
			path = Camera;
			sourceTree = "<group>";
		};
		F08841C226CDE84D005ABFD5 /* Map */ = {
			isa = PBXGroup;
			children = (
				F0F2675F26B3D86100488F4C /* ImagePopUpViewController.swift */,
				F05AC49B2694E247004138F2 /* Trashmarkers.swift */,
				F0B0FCC92686616600050420 /* MapViewController.swift */,
			);
			path = Map;
			sourceTree = "<group>";
		};
		F0B0FC892685159E00050420 = {
			isa = PBXGroup;
			children = (
				F0B0FC942685159E00050420 /* Clean Up App */,
				F0B0FCAB268515A600050420 /* Clean Up AppTests */,
				F0B0FCB6268515A600050420 /* Clean Up AppUITests */,
				F0B0FC932685159E00050420 /* Products */,
				87599C65094432CF6FC415B7 /* Pods */,
			);
			sourceTree = "<group>";
		};
		F0B0FC932685159E00050420 /* Products */ = {
			isa = PBXGroup;
			children = (
				F0B0FC922685159E00050420 /* Clean Up App.app */,
				F0B0FCA8268515A600050420 /* Clean Up AppTests.xctest */,
				F0B0FCB3268515A600050420 /* Clean Up AppUITests.xctest */,
			);
			name = Products;
			sourceTree = "<group>";
		};
		F0B0FC942685159E00050420 /* Clean Up App */ = {
			isa = PBXGroup;
			children = (
				F0B0FCC526851AD200050420 /* TabViewController.swift */,
				F06E0FCF26CC7F4300959249 /* Utilities.swift */,
				F0819BE626D0438A0066197F /* SettingsViewController.swift */,
				F06E0FCE26CC79A700959249 /* Login */,
				F08841C126CDE824005ABFD5 /* Camera */,
				F08841C226CDE84D005ABFD5 /* Map */,
				F0B0FC9B2685159F00050420 /* Main.storyboard */,
				F0B0FC9E268515A500050420 /* Assets.xcassets */,
				F0B0FCA0268515A500050420 /* LaunchScreen.storyboard */,
				F0B0FC952685159E00050420 /* AppDelegate.swift */,
				F0B0FC972685159E00050420 /* SceneDelegate.swift */,
				F0C2613026D2355300C8AD90 /* GoogleService-Info.plist */,
				F0B0FCA3268515A500050420 /* Info.plist */,
			);
			path = "Clean Up App";
			sourceTree = "<group>";
		};
		F0B0FCAB268515A600050420 /* Clean Up AppTests */ = {
			isa = PBXGroup;
			children = (
				D5A320B5CBCFF1A9A8FB8F39 /* Frameworks */,
				F0B0FCAC268515A600050420 /* Clean_Up_AppTests.swift */,
				F0B0FCAE268515A600050420 /* Info.plist */,
			);
			path = "Clean Up AppTests";
			sourceTree = "<group>";
		};
		F0B0FCB6268515A600050420 /* Clean Up AppUITests */ = {
			isa = PBXGroup;
			children = (
				F0B0FCB7268515A600050420 /* Clean_Up_AppUITests.swift */,
				F0B0FCB9268515A600050420 /* Info.plist */,
			);
			path = "Clean Up AppUITests";
			sourceTree = "<group>";
		};
/* End PBXGroup section */

/* Begin PBXNativeTarget section */
		F0B0FC912685159E00050420 /* Clean Up App */ = {
			isa = PBXNativeTarget;
			buildConfigurationList = F0B0FCBC268515A600050420 /* Build configuration list for PBXNativeTarget "Clean Up App" */;
			buildPhases = (
				16261444306DA3B4D5A256A3 /* [CP] Check Pods Manifest.lock */,
				F0B0FC8E2685159E00050420 /* Sources */,
				F0B0FC8F2685159E00050420 /* Frameworks */,
				F0B0FC902685159E00050420 /* Resources */,
				26C2FB1423071866E2CD948F /* [CP] Embed Pods Frameworks */,
			);
			buildRules = (
			);
			dependencies = (
			);
			name = "Clean Up App";
			productName = "Clean Up App";
			productReference = F0B0FC922685159E00050420 /* Clean Up App.app */;
			productType = "com.apple.product-type.application";
		};
		F0B0FCA7268515A600050420 /* Clean Up AppTests */ = {
			isa = PBXNativeTarget;
			buildConfigurationList = F0B0FCBF268515A600050420 /* Build configuration list for PBXNativeTarget "Clean Up AppTests" */;
			buildPhases = (
				D64CD45026EAADA61DD79CBA /* [CP] Check Pods Manifest.lock */,
				F0B0FCA4268515A600050420 /* Sources */,
				F0B0FCA5268515A600050420 /* Frameworks */,
				F0B0FCA6268515A600050420 /* Resources */,
			);
			buildRules = (
			);
			dependencies = (
				F0B0FCAA268515A600050420 /* PBXTargetDependency */,
			);
			name = "Clean Up AppTests";
			productName = "Clean Up AppTests";
			productReference = F0B0FCA8268515A600050420 /* Clean Up AppTests.xctest */;
			productType = "com.apple.product-type.bundle.unit-test";
		};
		F0B0FCB2268515A600050420 /* Clean Up AppUITests */ = {
			isa = PBXNativeTarget;
			buildConfigurationList = F0B0FCC2268515A600050420 /* Build configuration list for PBXNativeTarget "Clean Up AppUITests" */;
			buildPhases = (
				A77AAC4F5F9E20C9FEBF9A5C /* [CP] Check Pods Manifest.lock */,
				F0B0FCAF268515A600050420 /* Sources */,
				F0B0FCB0268515A600050420 /* Frameworks */,
				F0B0FCB1268515A600050420 /* Resources */,
				B175162FF7ECD7D82B9E39D9 /* [CP] Embed Pods Frameworks */,
			);
			buildRules = (
			);
			dependencies = (
				F0B0FCB5268515A600050420 /* PBXTargetDependency */,
			);
			name = "Clean Up AppUITests";
			productName = "Clean Up AppUITests";
			productReference = F0B0FCB3268515A600050420 /* Clean Up AppUITests.xctest */;
			productType = "com.apple.product-type.bundle.ui-testing";
		};
/* End PBXNativeTarget section */

/* Begin PBXProject section */
		F0B0FC8A2685159E00050420 /* Project object */ = {
			isa = PBXProject;
			attributes = {
				LastSwiftUpdateCheck = 1250;
				LastUpgradeCheck = 1250;
				TargetAttributes = {
					F0B0FC912685159E00050420 = {
						CreatedOnToolsVersion = 12.5.1;
					};
					F0B0FCA7268515A600050420 = {
						CreatedOnToolsVersion = 12.5.1;
						TestTargetID = F0B0FC912685159E00050420;
					};
					F0B0FCB2268515A600050420 = {
						CreatedOnToolsVersion = 12.5.1;
						TestTargetID = F0B0FC912685159E00050420;
					};
				};
			};
			buildConfigurationList = F0B0FC8D2685159E00050420 /* Build configuration list for PBXProject "Clean Up App" */;
			compatibilityVersion = "Xcode 9.3";
			developmentRegion = en;
			hasScannedForEncodings = 0;
			knownRegions = (
				en,
				Base,
			);
			mainGroup = F0B0FC892685159E00050420;
			productRefGroup = F0B0FC932685159E00050420 /* Products */;
			projectDirPath = "";
			projectRoot = "";
			targets = (
				F0B0FC912685159E00050420 /* Clean Up App */,
				F0B0FCA7268515A600050420 /* Clean Up AppTests */,
				F0B0FCB2268515A600050420 /* Clean Up AppUITests */,
			);
		};
/* End PBXProject section */

/* Begin PBXResourcesBuildPhase section */
		F0B0FC902685159E00050420 /* Resources */ = {
			isa = PBXResourcesBuildPhase;
			buildActionMask = 2147483647;
			files = (
				F0B0FCA2268515A500050420 /* LaunchScreen.storyboard in Resources */,
				F0C2613126D2355300C8AD90 /* GoogleService-Info.plist in Resources */,
				F0B0FC9F268515A500050420 /* Assets.xcassets in Resources */,
				F0B0FC9D2685159F00050420 /* Main.storyboard in Resources */,
			);
			runOnlyForDeploymentPostprocessing = 0;
		};
		F0B0FCA6268515A600050420 /* Resources */ = {
			isa = PBXResourcesBuildPhase;
			buildActionMask = 2147483647;
			files = (
			);
			runOnlyForDeploymentPostprocessing = 0;
		};
		F0B0FCB1268515A600050420 /* Resources */ = {
			isa = PBXResourcesBuildPhase;
			buildActionMask = 2147483647;
			files = (
			);
			runOnlyForDeploymentPostprocessing = 0;
		};
/* End PBXResourcesBuildPhase section */

/* Begin PBXShellScriptBuildPhase section */
		16261444306DA3B4D5A256A3 /* [CP] Check Pods Manifest.lock */ = {
			isa = PBXShellScriptBuildPhase;
			buildActionMask = 2147483647;
			files = (
			);
			inputFileListPaths = (
			);
			inputPaths = (
				"${PODS_PODFILE_DIR_PATH}/Podfile.lock",
				"${PODS_ROOT}/Manifest.lock",
			);
			name = "[CP] Check Pods Manifest.lock";
			outputFileListPaths = (
			);
			outputPaths = (
				"$(DERIVED_FILE_DIR)/Pods-Clean Up App-checkManifestLockResult.txt",
			);
			runOnlyForDeploymentPostprocessing = 0;
			shellPath = /bin/sh;
			shellScript = "diff \"${PODS_PODFILE_DIR_PATH}/Podfile.lock\" \"${PODS_ROOT}/Manifest.lock\" > /dev/null\nif [ $? != 0 ] ; then\n    # print error to STDERR\n    echo \"error: The sandbox is not in sync with the Podfile.lock. Run 'pod install' or update your CocoaPods installation.\" >&2\n    exit 1\nfi\n# This output is used by Xcode 'outputs' to avoid re-running this script phase.\necho \"SUCCESS\" > \"${SCRIPT_OUTPUT_FILE_0}\"\n";
			showEnvVarsInLog = 0;
		};
		26C2FB1423071866E2CD948F /* [CP] Embed Pods Frameworks */ = {
			isa = PBXShellScriptBuildPhase;
			buildActionMask = 2147483647;
			files = (
			);
			inputFileListPaths = (
				"${PODS_ROOT}/Target Support Files/Pods-Clean Up App/Pods-Clean Up App-frameworks-${CONFIGURATION}-input-files.xcfilelist",
			);
			name = "[CP] Embed Pods Frameworks";
			outputFileListPaths = (
				"${PODS_ROOT}/Target Support Files/Pods-Clean Up App/Pods-Clean Up App-frameworks-${CONFIGURATION}-output-files.xcfilelist",
			);
			runOnlyForDeploymentPostprocessing = 0;
			shellPath = /bin/sh;
			shellScript = "\"${PODS_ROOT}/Target Support Files/Pods-Clean Up App/Pods-Clean Up App-frameworks.sh\"\n";
			showEnvVarsInLog = 0;
		};
		A77AAC4F5F9E20C9FEBF9A5C /* [CP] Check Pods Manifest.lock */ = {
			isa = PBXShellScriptBuildPhase;
			buildActionMask = 2147483647;
			files = (
			);
			inputFileListPaths = (
			);
			inputPaths = (
				"${PODS_PODFILE_DIR_PATH}/Podfile.lock",
				"${PODS_ROOT}/Manifest.lock",
			);
			name = "[CP] Check Pods Manifest.lock";
			outputFileListPaths = (
			);
			outputPaths = (
				"$(DERIVED_FILE_DIR)/Pods-Clean Up App-Clean Up AppUITests-checkManifestLockResult.txt",
			);
			runOnlyForDeploymentPostprocessing = 0;
			shellPath = /bin/sh;
			shellScript = "diff \"${PODS_PODFILE_DIR_PATH}/Podfile.lock\" \"${PODS_ROOT}/Manifest.lock\" > /dev/null\nif [ $? != 0 ] ; then\n    # print error to STDERR\n    echo \"error: The sandbox is not in sync with the Podfile.lock. Run 'pod install' or update your CocoaPods installation.\" >&2\n    exit 1\nfi\n# This output is used by Xcode 'outputs' to avoid re-running this script phase.\necho \"SUCCESS\" > \"${SCRIPT_OUTPUT_FILE_0}\"\n";
			showEnvVarsInLog = 0;
		};
		B175162FF7ECD7D82B9E39D9 /* [CP] Embed Pods Frameworks */ = {
			isa = PBXShellScriptBuildPhase;
			buildActionMask = 2147483647;
			files = (
			);
			inputFileListPaths = (
				"${PODS_ROOT}/Target Support Files/Pods-Clean Up App-Clean Up AppUITests/Pods-Clean Up App-Clean Up AppUITests-frameworks-${CONFIGURATION}-input-files.xcfilelist",
			);
			name = "[CP] Embed Pods Frameworks";
			outputFileListPaths = (
				"${PODS_ROOT}/Target Support Files/Pods-Clean Up App-Clean Up AppUITests/Pods-Clean Up App-Clean Up AppUITests-frameworks-${CONFIGURATION}-output-files.xcfilelist",
			);
			runOnlyForDeploymentPostprocessing = 0;
			shellPath = /bin/sh;
			shellScript = "\"${PODS_ROOT}/Target Support Files/Pods-Clean Up App-Clean Up AppUITests/Pods-Clean Up App-Clean Up AppUITests-frameworks.sh\"\n";
			showEnvVarsInLog = 0;
		};
		D64CD45026EAADA61DD79CBA /* [CP] Check Pods Manifest.lock */ = {
			isa = PBXShellScriptBuildPhase;
			buildActionMask = 2147483647;
			files = (
			);
			inputFileListPaths = (
			);
			inputPaths = (
				"${PODS_PODFILE_DIR_PATH}/Podfile.lock",
				"${PODS_ROOT}/Manifest.lock",
			);
			name = "[CP] Check Pods Manifest.lock";
			outputFileListPaths = (
			);
			outputPaths = (
				"$(DERIVED_FILE_DIR)/Pods-Clean Up AppTests-checkManifestLockResult.txt",
			);
			runOnlyForDeploymentPostprocessing = 0;
			shellPath = /bin/sh;
			shellScript = "diff \"${PODS_PODFILE_DIR_PATH}/Podfile.lock\" \"${PODS_ROOT}/Manifest.lock\" > /dev/null\nif [ $? != 0 ] ; then\n    # print error to STDERR\n    echo \"error: The sandbox is not in sync with the Podfile.lock. Run 'pod install' or update your CocoaPods installation.\" >&2\n    exit 1\nfi\n# This output is used by Xcode 'outputs' to avoid re-running this script phase.\necho \"SUCCESS\" > \"${SCRIPT_OUTPUT_FILE_0}\"\n";
			showEnvVarsInLog = 0;
		};
/* End PBXShellScriptBuildPhase section */

/* Begin PBXSourcesBuildPhase section */
		F0B0FC8E2685159E00050420 /* Sources */ = {
			isa = PBXSourcesBuildPhase;
			buildActionMask = 2147483647;
			files = (
				F06E0FCD26CC795D00959249 /* SignUpViewController.swift in Sources */,
				F0FD284B26DBEC380063C357 /* PhotosCollectionViewCell.swift in Sources */,
				F05AC49C2694E247004138F2 /* Trashmarkers.swift in Sources */,
				F0B0FCC626851AD200050420 /* TabViewController.swift in Sources */,
				F0B0FC9A2685159E00050420 /* ViewController.swift in Sources */,
				F0B0FC962685159E00050420 /* AppDelegate.swift in Sources */,
				F0F2676026B3D86200488F4C /* ImagePopUpViewController.swift in Sources */,
				F06E0FD026CC7F4400959249 /* Utilities.swift in Sources */,
				F0B0FCCA2686616600050420 /* MapViewController.swift in Sources */,
				F0FD284F26DD20D10063C357 /* UploadViewController.swift in Sources */,
				F0FD284D26DBED120063C357 /* CollectionViewController.swift in Sources */,
				F06E0FC926CC73FB00959249 /* LoginOptionsViewController.swift in Sources */,
				F06E0FC526B90C3500959249 /* SnapshotViewController.swift in Sources */,
				F0819BE726D0438B0066197F /* SettingsViewController.swift in Sources */,
				F06E0FCB26CC792E00959249 /* SignInViewController.swift in Sources */,
				F0B0FC982685159E00050420 /* SceneDelegate.swift in Sources */,
			);
			runOnlyForDeploymentPostprocessing = 0;
		};
		F0B0FCA4268515A600050420 /* Sources */ = {
			isa = PBXSourcesBuildPhase;
			buildActionMask = 2147483647;
			files = (
				F0B0FCAD268515A600050420 /* Clean_Up_AppTests.swift in Sources */,
			);
			runOnlyForDeploymentPostprocessing = 0;
		};
		F0B0FCAF268515A600050420 /* Sources */ = {
			isa = PBXSourcesBuildPhase;
			buildActionMask = 2147483647;
			files = (
				F0B0FCB8268515A600050420 /* Clean_Up_AppUITests.swift in Sources */,
			);
			runOnlyForDeploymentPostprocessing = 0;
		};
/* End PBXSourcesBuildPhase section */

/* Begin PBXTargetDependency section */
		F0B0FCAA268515A600050420 /* PBXTargetDependency */ = {
			isa = PBXTargetDependency;
			target = F0B0FC912685159E00050420 /* Clean Up App */;
			targetProxy = F0B0FCA9268515A600050420 /* PBXContainerItemProxy */;
		};
		F0B0FCB5268515A600050420 /* PBXTargetDependency */ = {
			isa = PBXTargetDependency;
			target = F0B0FC912685159E00050420 /* Clean Up App */;
			targetProxy = F0B0FCB4268515A600050420 /* PBXContainerItemProxy */;
		};
/* End PBXTargetDependency section */

/* Begin PBXVariantGroup section */
		F0B0FC9B2685159F00050420 /* Main.storyboard */ = {
			isa = PBXVariantGroup;
			children = (
				F0B0FC9C2685159F00050420 /* Base */,
			);
			name = Main.storyboard;
			sourceTree = "<group>";
		};
		F0B0FCA0268515A500050420 /* LaunchScreen.storyboard */ = {
			isa = PBXVariantGroup;
			children = (
				F0B0FCA1268515A500050420 /* Base */,
			);
			name = LaunchScreen.storyboard;
			sourceTree = "<group>";
		};
/* End PBXVariantGroup section */

/* Begin XCBuildConfiguration section */
		F0B0FCBA268515A600050420 /* Debug */ = {
			isa = XCBuildConfiguration;
			buildSettings = {
				ALWAYS_SEARCH_USER_PATHS = NO;
				CLANG_ANALYZER_NONNULL = YES;
				CLANG_ANALYZER_NUMBER_OBJECT_CONVERSION = YES_AGGRESSIVE;
				CLANG_CXX_LANGUAGE_STANDARD = "gnu++14";
				CLANG_CXX_LIBRARY = "libc++";
				CLANG_ENABLE_MODULES = YES;
				CLANG_ENABLE_OBJC_ARC = YES;
				CLANG_ENABLE_OBJC_WEAK = YES;
				CLANG_WARN_BLOCK_CAPTURE_AUTORELEASING = YES;
				CLANG_WARN_BOOL_CONVERSION = YES;
				CLANG_WARN_COMMA = YES;
				CLANG_WARN_CONSTANT_CONVERSION = YES;
				CLANG_WARN_DEPRECATED_OBJC_IMPLEMENTATIONS = YES;
				CLANG_WARN_DIRECT_OBJC_ISA_USAGE = YES_ERROR;
				CLANG_WARN_DOCUMENTATION_COMMENTS = YES;
				CLANG_WARN_EMPTY_BODY = YES;
				CLANG_WARN_ENUM_CONVERSION = YES;
				CLANG_WARN_INFINITE_RECURSION = YES;
				CLANG_WARN_INT_CONVERSION = YES;
				CLANG_WARN_NON_LITERAL_NULL_CONVERSION = YES;
				CLANG_WARN_OBJC_IMPLICIT_RETAIN_SELF = YES;
				CLANG_WARN_OBJC_LITERAL_CONVERSION = YES;
				CLANG_WARN_OBJC_ROOT_CLASS = YES_ERROR;
				CLANG_WARN_QUOTED_INCLUDE_IN_FRAMEWORK_HEADER = YES;
				CLANG_WARN_RANGE_LOOP_ANALYSIS = YES;
				CLANG_WARN_STRICT_PROTOTYPES = YES;
				CLANG_WARN_SUSPICIOUS_MOVE = YES;
				CLANG_WARN_UNGUARDED_AVAILABILITY = YES_AGGRESSIVE;
				CLANG_WARN_UNREACHABLE_CODE = YES;
				CLANG_WARN__DUPLICATE_METHOD_MATCH = YES;
				COPY_PHASE_STRIP = NO;
				DEBUG_INFORMATION_FORMAT = dwarf;
				ENABLE_STRICT_OBJC_MSGSEND = YES;
				ENABLE_TESTABILITY = YES;
				GCC_C_LANGUAGE_STANDARD = gnu11;
				GCC_DYNAMIC_NO_PIC = NO;
				GCC_NO_COMMON_BLOCKS = YES;
				GCC_OPTIMIZATION_LEVEL = 0;
				GCC_PREPROCESSOR_DEFINITIONS = (
					"DEBUG=1",
					"$(inherited)",
				);
				GCC_WARN_64_TO_32_BIT_CONVERSION = YES;
				GCC_WARN_ABOUT_RETURN_TYPE = YES_ERROR;
				GCC_WARN_UNDECLARED_SELECTOR = YES;
				GCC_WARN_UNINITIALIZED_AUTOS = YES_AGGRESSIVE;
				GCC_WARN_UNUSED_FUNCTION = YES;
				GCC_WARN_UNUSED_VARIABLE = YES;
				IPHONEOS_DEPLOYMENT_TARGET = 14.5;
				MTL_ENABLE_DEBUG_INFO = INCLUDE_SOURCE;
				MTL_FAST_MATH = YES;
				ONLY_ACTIVE_ARCH = YES;
				SDKROOT = iphoneos;
				SWIFT_ACTIVE_COMPILATION_CONDITIONS = DEBUG;
				SWIFT_OPTIMIZATION_LEVEL = "-Onone";
			};
			name = Debug;
		};
		F0B0FCBB268515A600050420 /* Release */ = {
			isa = XCBuildConfiguration;
			buildSettings = {
				ALWAYS_SEARCH_USER_PATHS = NO;
				CLANG_ANALYZER_NONNULL = YES;
				CLANG_ANALYZER_NUMBER_OBJECT_CONVERSION = YES_AGGRESSIVE;
				CLANG_CXX_LANGUAGE_STANDARD = "gnu++14";
				CLANG_CXX_LIBRARY = "libc++";
				CLANG_ENABLE_MODULES = YES;
				CLANG_ENABLE_OBJC_ARC = YES;
				CLANG_ENABLE_OBJC_WEAK = YES;
				CLANG_WARN_BLOCK_CAPTURE_AUTORELEASING = YES;
				CLANG_WARN_BOOL_CONVERSION = YES;
				CLANG_WARN_COMMA = YES;
				CLANG_WARN_CONSTANT_CONVERSION = YES;
				CLANG_WARN_DEPRECATED_OBJC_IMPLEMENTATIONS = YES;
				CLANG_WARN_DIRECT_OBJC_ISA_USAGE = YES_ERROR;
				CLANG_WARN_DOCUMENTATION_COMMENTS = YES;
				CLANG_WARN_EMPTY_BODY = YES;
				CLANG_WARN_ENUM_CONVERSION = YES;
				CLANG_WARN_INFINITE_RECURSION = YES;
				CLANG_WARN_INT_CONVERSION = YES;
				CLANG_WARN_NON_LITERAL_NULL_CONVERSION = YES;
				CLANG_WARN_OBJC_IMPLICIT_RETAIN_SELF = YES;
				CLANG_WARN_OBJC_LITERAL_CONVERSION = YES;
				CLANG_WARN_OBJC_ROOT_CLASS = YES_ERROR;
				CLANG_WARN_QUOTED_INCLUDE_IN_FRAMEWORK_HEADER = YES;
				CLANG_WARN_RANGE_LOOP_ANALYSIS = YES;
				CLANG_WARN_STRICT_PROTOTYPES = YES;
				CLANG_WARN_SUSPICIOUS_MOVE = YES;
				CLANG_WARN_UNGUARDED_AVAILABILITY = YES_AGGRESSIVE;
				CLANG_WARN_UNREACHABLE_CODE = YES;
				CLANG_WARN__DUPLICATE_METHOD_MATCH = YES;
				COPY_PHASE_STRIP = NO;
				DEBUG_INFORMATION_FORMAT = "dwarf-with-dsym";
				ENABLE_NS_ASSERTIONS = NO;
				ENABLE_STRICT_OBJC_MSGSEND = YES;
				GCC_C_LANGUAGE_STANDARD = gnu11;
				GCC_NO_COMMON_BLOCKS = YES;
				GCC_WARN_64_TO_32_BIT_CONVERSION = YES;
				GCC_WARN_ABOUT_RETURN_TYPE = YES_ERROR;
				GCC_WARN_UNDECLARED_SELECTOR = YES;
				GCC_WARN_UNINITIALIZED_AUTOS = YES_AGGRESSIVE;
				GCC_WARN_UNUSED_FUNCTION = YES;
				GCC_WARN_UNUSED_VARIABLE = YES;
				IPHONEOS_DEPLOYMENT_TARGET = 14.5;
				MTL_ENABLE_DEBUG_INFO = NO;
				MTL_FAST_MATH = YES;
				SDKROOT = iphoneos;
				SWIFT_COMPILATION_MODE = wholemodule;
				SWIFT_OPTIMIZATION_LEVEL = "-O";
				VALIDATE_PRODUCT = YES;
			};
			name = Release;
		};
		F0B0FCBD268515A600050420 /* Debug */ = {
			isa = XCBuildConfiguration;
			baseConfigurationReference = 83E0E85BD8ACF66D675810B8 /* Pods-Clean Up App.debug.xcconfig */;
			buildSettings = {
				ASSETCATALOG_COMPILER_APPICON_NAME = AppIcon;
				ASSETCATALOG_COMPILER_GLOBAL_ACCENT_COLOR_NAME = AccentColor;
				CODE_SIGN_IDENTITY = "Apple Development";
				CODE_SIGN_STYLE = Automatic;
				DEVELOPMENT_TEAM = H2LMLUUNXC;
				INFOPLIST_FILE = "Clean Up App/Info.plist";
				LD_RUNPATH_SEARCH_PATHS = (
					"$(inherited)",
					"@executable_path/Frameworks",
				);
				MARKETING_VERSION = 0.95;
				PRODUCT_BUNDLE_IDENTIFIER = com.pdx.CleanUpApp;
				PRODUCT_NAME = "$(TARGET_NAME)";
				PROVISIONING_PROFILE_SPECIFIER = "";
				SWIFT_VERSION = 5.0;
				TARGETED_DEVICE_FAMILY = 1;
			};
			name = Debug;
		};
		F0B0FCBE268515A600050420 /* Release */ = {
			isa = XCBuildConfiguration;
			baseConfigurationReference = 01E8624037D685F3D10969AC /* Pods-Clean Up App.release.xcconfig */;
			buildSettings = {
				ASSETCATALOG_COMPILER_APPICON_NAME = AppIcon;
				ASSETCATALOG_COMPILER_GLOBAL_ACCENT_COLOR_NAME = AccentColor;
				CODE_SIGN_IDENTITY = "Apple Development";
				CODE_SIGN_STYLE = Automatic;
				DEVELOPMENT_TEAM = H2LMLUUNXC;
				INFOPLIST_FILE = "Clean Up App/Info.plist";
				LD_RUNPATH_SEARCH_PATHS = (
					"$(inherited)",
					"@executable_path/Frameworks",
				);
				MARKETING_VERSION = 0.95;
				PRODUCT_BUNDLE_IDENTIFIER = com.pdx.CleanUpApp;
				PRODUCT_NAME = "$(TARGET_NAME)";
				PROVISIONING_PROFILE_SPECIFIER = "";
				SWIFT_VERSION = 5.0;
				TARGETED_DEVICE_FAMILY = 1;
			};
			name = Release;
		};
		F0B0FCC0268515A600050420 /* Debug */ = {
			isa = XCBuildConfiguration;
			baseConfigurationReference = 0708E041F501419F8342485E /* Pods-Clean Up AppTests.debug.xcconfig */;
			buildSettings = {
				ALWAYS_EMBED_SWIFT_STANDARD_LIBRARIES = YES;
				BUNDLE_LOADER = "$(TEST_HOST)";
				CODE_SIGN_STYLE = Automatic;
				INFOPLIST_FILE = "Clean Up AppTests/Info.plist";
				IPHONEOS_DEPLOYMENT_TARGET = 14.5;
				LD_RUNPATH_SEARCH_PATHS = (
					"$(inherited)",
					"@executable_path/Frameworks",
					"@loader_path/Frameworks",
				);
				PRODUCT_BUNDLE_IDENTIFIER = "test.Clean-Up-AppTests";
				PRODUCT_NAME = "$(TARGET_NAME)";
				SWIFT_VERSION = 5.0;
				TARGETED_DEVICE_FAMILY = "1,2";
				TEST_HOST = "$(BUILT_PRODUCTS_DIR)/Clean Up App.app/Clean Up App";
			};
			name = Debug;
		};
		F0B0FCC1268515A600050420 /* Release */ = {
			isa = XCBuildConfiguration;
			baseConfigurationReference = 5AC665ED397ED433CF453D2E /* Pods-Clean Up AppTests.release.xcconfig */;
			buildSettings = {
				ALWAYS_EMBED_SWIFT_STANDARD_LIBRARIES = YES;
				BUNDLE_LOADER = "$(TEST_HOST)";
				CODE_SIGN_STYLE = Automatic;
				INFOPLIST_FILE = "Clean Up AppTests/Info.plist";
				IPHONEOS_DEPLOYMENT_TARGET = 14.5;
				LD_RUNPATH_SEARCH_PATHS = (
					"$(inherited)",
					"@executable_path/Frameworks",
					"@loader_path/Frameworks",
				);
				PRODUCT_BUNDLE_IDENTIFIER = "test.Clean-Up-AppTests";
				PRODUCT_NAME = "$(TARGET_NAME)";
				SWIFT_VERSION = 5.0;
				TARGETED_DEVICE_FAMILY = "1,2";
				TEST_HOST = "$(BUILT_PRODUCTS_DIR)/Clean Up App.app/Clean Up App";
			};
			name = Release;
		};
		F0B0FCC3268515A600050420 /* Debug */ = {
			isa = XCBuildConfiguration;
			baseConfigurationReference = 4504002818F9C38CA9C5B617 /* Pods-Clean Up App-Clean Up AppUITests.debug.xcconfig */;
			buildSettings = {
				ALWAYS_EMBED_SWIFT_STANDARD_LIBRARIES = YES;
				CODE_SIGN_STYLE = Automatic;
				INFOPLIST_FILE = "Clean Up AppUITests/Info.plist";
				LD_RUNPATH_SEARCH_PATHS = (
					"$(inherited)",
					"@executable_path/Frameworks",
					"@loader_path/Frameworks",
				);
				PRODUCT_BUNDLE_IDENTIFIER = "test.Clean-Up-AppUITests";
				PRODUCT_NAME = "$(TARGET_NAME)";
				SWIFT_VERSION = 5.0;
				TARGETED_DEVICE_FAMILY = "1,2";
				TEST_TARGET_NAME = "Clean Up App";
			};
			name = Debug;
		};
		F0B0FCC4268515A600050420 /* Release */ = {
			isa = XCBuildConfiguration;
			baseConfigurationReference = 51B0EB5E89EBA993B03E16D0 /* Pods-Clean Up App-Clean Up AppUITests.release.xcconfig */;
			buildSettings = {
				ALWAYS_EMBED_SWIFT_STANDARD_LIBRARIES = YES;
				CODE_SIGN_STYLE = Automatic;
				INFOPLIST_FILE = "Clean Up AppUITests/Info.plist";
				LD_RUNPATH_SEARCH_PATHS = (
					"$(inherited)",
					"@executable_path/Frameworks",
					"@loader_path/Frameworks",
				);
				PRODUCT_BUNDLE_IDENTIFIER = "test.Clean-Up-AppUITests";
				PRODUCT_NAME = "$(TARGET_NAME)";
				SWIFT_VERSION = 5.0;
				TARGETED_DEVICE_FAMILY = "1,2";
				TEST_TARGET_NAME = "Clean Up App";
			};
			name = Release;
		};
/* End XCBuildConfiguration section */

/* Begin XCConfigurationList section */
		F0B0FC8D2685159E00050420 /* Build configuration list for PBXProject "Clean Up App" */ = {
			isa = XCConfigurationList;
			buildConfigurations = (
				F0B0FCBA268515A600050420 /* Debug */,
				F0B0FCBB268515A600050420 /* Release */,
			);
			defaultConfigurationIsVisible = 0;
			defaultConfigurationName = Release;
		};
		F0B0FCBC268515A600050420 /* Build configuration list for PBXNativeTarget "Clean Up App" */ = {
			isa = XCConfigurationList;
			buildConfigurations = (
				F0B0FCBD268515A600050420 /* Debug */,
				F0B0FCBE268515A600050420 /* Release */,
			);
			defaultConfigurationIsVisible = 0;
			defaultConfigurationName = Release;
		};
		F0B0FCBF268515A600050420 /* Build configuration list for PBXNativeTarget "Clean Up AppTests" */ = {
			isa = XCConfigurationList;
			buildConfigurations = (
				F0B0FCC0268515A600050420 /* Debug */,
				F0B0FCC1268515A600050420 /* Release */,
			);
			defaultConfigurationIsVisible = 0;
			defaultConfigurationName = Release;
		};
		F0B0FCC2268515A600050420 /* Build configuration list for PBXNativeTarget "Clean Up AppUITests" */ = {
			isa = XCConfigurationList;
			buildConfigurations = (
				F0B0FCC3268515A600050420 /* Debug */,
				F0B0FCC4268515A600050420 /* Release */,
			);
			defaultConfigurationIsVisible = 0;
			defaultConfigurationName = Release;
		};
/* End XCConfigurationList section */
	};
	rootObject = F0B0FC8A2685159E00050420 /* Project object */;
}
